// !$*UTF8*$!
{
	archiveVersion = 1;
	classes = {
	};
	objectVersion = 46;
	objects = {

/* Begin PBXBuildFile section */
		BE1BD2581D7C2514006E549E /* AppDelegate.swift in Sources */ = {isa = PBXBuildFile; fileRef = BE1BD2571D7C2514006E549E /* AppDelegate.swift */; };
		BE1BD25A1D7C2514006E549E /* ViewController.swift in Sources */ = {isa = PBXBuildFile; fileRef = BE1BD2591D7C2514006E549E /* ViewController.swift */; };
		BE1BD25D1D7C2514006E549E /* Main.storyboard in Resources */ = {isa = PBXBuildFile; fileRef = BE1BD25B1D7C2514006E549E /* Main.storyboard */; };
		BE1BD25F1D7C2514006E549E /* Assets.xcassets in Resources */ = {isa = PBXBuildFile; fileRef = BE1BD25E1D7C2514006E549E /* Assets.xcassets */; };
		BE1BD2621D7C2514006E549E /* LaunchScreen.storyboard in Resources */ = {isa = PBXBuildFile; fileRef = BE1BD2601D7C2514006E549E /* LaunchScreen.storyboard */; };
/* End PBXBuildFile section */

/* Begin PBXFileReference section */
		BE1BD2541D7C2514006E549E /* Spazieren.app */ = {isa = PBXFileReference; explicitFileType = wrapper.application; includeInIndex = 0; path = Spazieren.app; sourceTree = BUILT_PRODUCTS_DIR; };
		BE1BD2571D7C2514006E549E /* AppDelegate.swift */ = {isa = PBXFileReference; lastKnownFileType = sourcecode.swift; path = AppDelegate.swift; sourceTree = "<group>"; };
		BE1BD2591D7C2514006E549E /* ViewController.swift */ = {isa = PBXFileReference; lastKnownFileType = sourcecode.swift; path = ViewController.swift; sourceTree = "<group>"; };
		BE1BD25C1D7C2514006E549E /* Base */ = {isa = PBXFileReference; lastKnownFileType = file.storyboard; name = Base; path = Base.lproj/Main.storyboard; sourceTree = "<group>"; };
		BE1BD25E1D7C2514006E549E /* Assets.xcassets */ = {isa = PBXFileReference; lastKnownFileType = folder.assetcatalog; path = Assets.xcassets; sourceTree = "<group>"; };
		BE1BD2611D7C2514006E549E /* Base */ = {isa = PBXFileReference; lastKnownFileType = file.storyboard; name = Base; path = Base.lproj/LaunchScreen.storyboard; sourceTree = "<group>"; };
		BE1BD2631D7C2514006E549E /* Info.plist */ = {isa = PBXFileReference; lastKnownFileType = text.plist.xml; path = Info.plist; sourceTree = "<group>"; };
/* End PBXFileReference section */

/* Begin PBXFrameworksBuildPhase section */
		BE1BD2511D7C2514006E549E /* Frameworks */ = {
			isa = PBXFrameworksBuildPhase;
			buildActionMask = 2147483647;
			files = (
			);
			runOnlyForDeploymentPostprocessing = 0;
		};
/* End PBXFrameworksBuildPhase section */

/* Begin PBXGroup section */
		BE1BD24B1D7C2513006E549E = {
			isa = PBXGroup;
			children = (
				BE1BD2561D7C2514006E549E /* Spazieren */,
				BE1BD2551D7C2514006E549E /* Products */,
			);
			sourceTree = "<group>";
		};
		BE1BD2551D7C2514006E549E /* Products */ = {
			isa = PBXGroup;
			children = (
				BE1BD2541D7C2514006E549E /* Spazieren.app */,
			);
			name = Products;
			sourceTree = "<group>";
		};
		BE1BD2561D7C2514006E549E /* Spazieren */ = {
			isa = PBXGroup;
			children = (
				BE1BD2571D7C2514006E549E /* AppDelegate.swift */,
				BE1BD2591D7C2514006E549E /* ViewController.swift */,
				BE1BD25B1D7C2514006E549E /* Main.storyboard */,
				BE1BD25E1D7C2514006E549E /* Assets.xcassets */,
				BE1BD2601D7C2514006E549E /* LaunchScreen.storyboard */,
				BE1BD2631D7C2514006E549E /* Info.plist */,
			);
			path = Spazieren;
			sourceTree = "<group>";
		};
/* End PBXGroup section */

/* Begin PBXNativeTarget section */
		BE1BD2531D7C2514006E549E /* Spazieren */ = {
			isa = PBXNativeTarget;
			buildConfigurationList = BE1BD2661D7C2514006E549E /* Build configuration list for PBXNativeTarget "Spazieren" */;
			buildPhases = (
				BE1BD2501D7C2514006E549E /* Sources */,
				BE1BD2511D7C2514006E549E /* Frameworks */,
				BE1BD2521D7C2514006E549E /* Resources */,
			);
			buildRules = (
			);
			dependencies = (
			);
			name = Spazieren;
			productName = Spazieren;
			productReference = BE1BD2541D7C2514006E549E /* Spazieren.app */;
			productType = "com.apple.product-type.application";
		};
/* End PBXNativeTarget section */

/* Begin PBXProject section */
		BE1BD24C1D7C2513006E549E /* Project object */ = {
			isa = PBXProject;
			attributes = {
				LastSwiftUpdateCheck = 0800;
				LastUpgradeCheck = 0800;
				ORGANIZATIONNAME = Spazieren;
				TargetAttributes = {
					BE1BD2531D7C2514006E549E = {
						CreatedOnToolsVersion = 8.0;
						ProvisioningStyle = Automatic;
					};
				};
			};
			buildConfigurationList = BE1BD24F1D7C2513006E549E /* Build configuration list for PBXProject "Spazieren" */;
			compatibilityVersion = "Xcode 3.2";
			developmentRegion = English;
			hasScannedForEncodings = 0;
			knownRegions = (
				en,
				Base,
			);
			mainGroup = BE1BD24B1D7C2513006E549E;
			productRefGroup = BE1BD2551D7C2514006E549E /* Products */;
			projectDirPath = "";
			projectRoot = "";
			targets = (
				BE1BD2531D7C2514006E549E /* Spazieren */,
			);
		};
/* End PBXProject section */

/* Begin PBXResourcesBuildPhase section */
		BE1BD2521D7C2514006E549E /* Resources */ = {
			isa = PBXResourcesBuildPhase;
			buildActionMask = 2147483647;
			files = (
				BE1BD2621D7C2514006E549E /* LaunchScreen.storyboard in Resources */,
				BE1BD25F1D7C2514006E549E /* Assets.xcassets in Resources */,
				BE1BD25D1D7C2514006E549E /* Main.storyboard in Resources */,
			);
			runOnlyForDeploymentPostprocessing = 0;
		};
/* End PBXResourcesBuildPhase section */

/* Begin PBXSourcesBuildPhase section */
		BE1BD2501D7C2514006E549E /* Sources */ = {
			isa = PBXSourcesBuildPhase;
			buildActionMask = 2147483647;
			files = (
				BE1BD25A1D7C2514006E549E /* ViewController.swift in Sources */,
				BE1BD2581D7C2514006E549E /* AppDelegate.swift in Sources */,
			);
			runOnlyForDeploymentPostprocessing = 0;
		};
/* End PBXSourcesBuildPhase section */

/* Begin PBXVariantGroup section */
		BE1BD25B1D7C2514006E549E /* Main.storyboard */ = {
			isa = PBXVariantGroup;
			children = (
				BE1BD25C1D7C2514006E549E /* Base */,
			);
			name = Main.storyboard;
			sourceTree = "<group>";
		};
		BE1BD2601D7C2514006E549E /* LaunchScreen.storyboard */ = {
			isa = PBXVariantGroup;
			children = (
				BE1BD2611D7C2514006E549E /* Base */,
			);
			name = LaunchScreen.storyboard;
			sourceTree = "<group>";
		};
/* End PBXVariantGroup section */

/* Begin XCBuildConfiguration section */
		BE1BD2641D7C2514006E549E /* Debug */ = {
			isa = XCBuildConfiguration;
			buildSettings = {
				ALWAYS_SEARCH_USER_PATHS = NO;
				CLANG_ANALYZER_NONNULL = YES;
				CLANG_CXX_LANGUAGE_STANDARD = "gnu++0x";
				CLANG_CXX_LIBRARY = "libc++";
				CLANG_ENABLE_MODULES = YES;
				CLANG_ENABLE_OBJC_ARC = YES;
				CLANG_WARN_BOOL_CONVERSION = YES;
				CLANG_WARN_CONSTANT_CONVERSION = YES;
				CLANG_WARN_DIRECT_OBJC_ISA_USAGE = YES_ERROR;
				CLANG_WARN_DOCUMENTATION_COMMENTS = YES;
				CLANG_WARN_EMPTY_BODY = YES;
				CLANG_WARN_ENUM_CONVERSION = YES;
				CLANG_WARN_INT_CONVERSION = YES;
				CLANG_WARN_OBJC_ROOT_CLASS = YES_ERROR;
				CLANG_WARN_UNREACHABLE_CODE = YES;
				CLANG_WARN__DUPLICATE_METHOD_MATCH = YES;
				"CODE_SIGN_IDENTITY[sdk=iphoneos*]" = "iPhone Developer";
				COPY_PHASE_STRIP = NO;
				DEBUG_INFORMATION_FORMAT = dwarf;
				ENABLE_STRICT_OBJC_MSGSEND = YES;
				ENABLE_TESTABILITY = YES;
				GCC_C_LANGUAGE_STANDARD = gnu99;
				GCC_DYNAMIC_NO_PIC = NO;
				GCC_NO_COMMON_BLOCKS = YES;
				GCC_OPTIMIZATION_LEVEL = 0;
				GCC_PREPROCESSOR_DEFINITIONS = (
					"DEBUG=1",
					"$(inherited)",
				);
				GCC_WARN_64_TO_32_BIT_CONVERSION = YES;
				GCC_WARN_ABOUT_RETURN_TYPE = YES_ERROR;
				GCC_WARN_UNDECLARED_SELECTOR = YES;
				GCC_WARN_UNINITIALIZED_AUTOS = YES_AGGRESSIVE;
				GCC_WARN_UNUSED_FUNCTION = YES;
				GCC_WARN_UNUSED_VARIABLE = YES;
				IPHONEOS_DEPLOYMENT_TARGET = 10.0;
				MTL_ENABLE_DEBUG_INFO = YES;
				ONLY_ACTIVE_ARCH = YES;
				SDKROOT = iphoneos;
				SWIFT_ACTIVE_COMPILATION_CONDITIONS = DEBUG;
				SWIFT_OPTIMIZATION_LEVEL = "-Onone";
			};
			name = Debug;
		};
		BE1BD2651D7C2514006E549E /* Release */ = {
			isa = XCBuildConfiguration;
			buildSettings = {
				ALWAYS_SEARCH_USER_PATHS = NO;
				CLANG_ANALYZER_NONNULL = YES;
				CLANG_CXX_LANGUAGE_STANDARD = "gnu++0x";
				CLANG_CXX_LIBRARY = "libc++";
				CLANG_ENABLE_MODULES = YES;
				CLANG_ENABLE_OBJC_ARC = YES;
				CLANG_WARN_BOOL_CONVERSION = YES;
				CLANG_WARN_CONSTANT_CONVERSION = YES;
				CLANG_WARN_DIRECT_OBJC_ISA_USAGE = YES_ERROR;
				CLANG_WARN_DOCUMENTATION_COMMENTS = YES;
				CLANG_WARN_EMPTY_BODY = YES;
				CLANG_WARN_ENUM_CONVERSION = YES;
				CLANG_WARN_INT_CONVERSION = YES;
				CLANG_WARN_OBJC_ROOT_CLASS = YES_ERROR;
				CLANG_WARN_UNREACHABLE_CODE = YES;
				CLANG_WARN__DUPLICATE_METHOD_MATCH = YES;
				"CODE_SIGN_IDENTITY[sdk=iphoneos*]" = "iPhone Developer";
				COPY_PHASE_STRIP = NO;
				DEBUG_INFORMATION_FORMAT = "dwarf-with-dsym";
				ENABLE_NS_ASSERTIONS = NO;
				ENABLE_STRICT_OBJC_MSGSEND = YES;
				GCC_C_LANGUAGE_STANDARD = gnu99;
				GCC_NO_COMMON_BLOCKS = YES;
				GCC_WARN_64_TO_32_BIT_CONVERSION = YES;
				GCC_WARN_ABOUT_RETURN_TYPE = YES_ERROR;
				GCC_WARN_UNDECLARED_SELECTOR = YES;
				GCC_WARN_UNINITIALIZED_AUTOS = YES_AGGRESSIVE;
				GCC_WARN_UNUSED_FUNCTION = YES;
				GCC_WARN_UNUSED_VARIABLE = YES;
				IPHONEOS_DEPLOYMENT_TARGET = 10.0;
				MTL_ENABLE_DEBUG_INFO = NO;
				SDKROOT = iphoneos;
				SWIFT_OPTIMIZATION_LEVEL = "-Owholemodule";
				VALIDATE_PRODUCT = YES;
			};
			name = Release;
		};
		BE1BD2671D7C2514006E549E /* Debug */ = {
			isa = XCBuildConfiguration;
			buildSettings = {
				ASSETCATALOG_COMPILER_APPICON_NAME = AppIcon;
				INFOPLIST_FILE = Spazieren/Info.plist;
				LD_RUNPATH_SEARCH_PATHS = "$(inherited) @executable_path/Frameworks";
				PRODUCT_BUNDLE_IDENTIFIER = com.Spazieren.Spazieren.Spazieren;
				PRODUCT_NAME = "$(TARGET_NAME)";
				SWIFT_VERSION = 3.0;
			};
			name = Debug;
		};
		BE1BD2681D7C2514006E549E /* Release */ = {
			isa = XCBuildConfiguration;
			buildSettings = {
				ASSETCATALOG_COMPILER_APPICON_NAME = AppIcon;
				INFOPLIST_FILE = Spazieren/Info.plist;
				LD_RUNPATH_SEARCH_PATHS = "$(inherited) @executable_path/Frameworks";
				PRODUCT_BUNDLE_IDENTIFIER = com.Spazieren.Spazieren.Spazieren;
				PRODUCT_NAME = "$(TARGET_NAME)";
				SWIFT_VERSION = 3.0;
			};
			name = Release;
		};
/* End XCBuildConfiguration section */

/* Begin XCConfigurationList section */
		BE1BD24F1D7C2513006E549E /* Build configuration list for PBXProject "Spazieren" */ = {
			isa = XCConfigurationList;
			buildConfigurations = (
				BE1BD2641D7C2514006E549E /* Debug */,
				BE1BD2651D7C2514006E549E /* Release */,
			);
			defaultConfigurationIsVisible = 0;
			defaultConfigurationName = Release;
		};
		BE1BD2661D7C2514006E549E /* Build configuration list for PBXNativeTarget "Spazieren" */ = {
			isa = XCConfigurationList;
			buildConfigurations = (
				BE1BD2671D7C2514006E549E /* Debug */,
				BE1BD2681D7C2514006E549E /* Release */,
			);
			defaultConfigurationIsVisible = 0;
		};
/* End XCConfigurationList section */
	};
	rootObject = BE1BD24C1D7C2513006E549E /* Project object */;
}
